// !$*UTF8*$!
{
	archiveVersion = 1;
	classes = {
	};
	objectVersion = 46;
	objects = {

/* Begin PBXBuildFile section */
		CD8427A91E50894000687C41 /* main.m in Sources */ = {isa = PBXBuildFile; fileRef = CD8427A81E50894000687C41 /* main.m */; };
		CD8427AC1E50894000687C41 /* AppDelegate.m in Sources */ = {isa = PBXBuildFile; fileRef = CD8427AB1E50894000687C41 /* AppDelegate.m */; };
		CD8427AF1E50894000687C41 /* ViewController.m in Sources */ = {isa = PBXBuildFile; fileRef = CD8427AE1E50894000687C41 /* ViewController.m */; };
		CD8427B21E50894000687C41 /* Main.storyboard in Resources */ = {isa = PBXBuildFile; fileRef = CD8427B01E50894000687C41 /* Main.storyboard */; };
		CD8427B41E50894000687C41 /* Assets.xcassets in Resources */ = {isa = PBXBuildFile; fileRef = CD8427B31E50894000687C41 /* Assets.xcassets */; };
		CD8427B71E50894000687C41 /* LaunchScreen.storyboard in Resources */ = {isa = PBXBuildFile; fileRef = CD8427B51E50894000687C41 /* LaunchScreen.storyboard */; };
		CD8427C01E5089C200687C41 /* LLLockView.m in Sources */ = {isa = PBXBuildFile; fileRef = CD8427BF1E5089C200687C41 /* LLLockView.m */; };
		CD8427DC1E508A0E00687C41 /* Info.plist in Resources */ = {isa = PBXBuildFile; fileRef = CD8427C21E508A0E00687C41 /* Info.plist */; };
		CD8427DD1E508A0E00687C41 /* MASCompositeConstraint.m in Sources */ = {isa = PBXBuildFile; fileRef = CD8427C41E508A0E00687C41 /* MASCompositeConstraint.m */; };
		CD8427DE1E508A0E00687C41 /* MASConstraint.m in Sources */ = {isa = PBXBuildFile; fileRef = CD8427C71E508A0E00687C41 /* MASConstraint.m */; };
		CD8427DF1E508A0E00687C41 /* MASConstraintMaker.m in Sources */ = {isa = PBXBuildFile; fileRef = CD8427C91E508A0E00687C41 /* MASConstraintMaker.m */; };
		CD8427E01E508A0E00687C41 /* MASLayoutConstraint.m in Sources */ = {isa = PBXBuildFile; fileRef = CD8427CB1E508A0E00687C41 /* MASLayoutConstraint.m */; };
		CD8427E11E508A0E00687C41 /* MASViewAttribute.m in Sources */ = {isa = PBXBuildFile; fileRef = CD8427CF1E508A0E00687C41 /* MASViewAttribute.m */; };
		CD8427E21E508A0E00687C41 /* MASViewConstraint.m in Sources */ = {isa = PBXBuildFile; fileRef = CD8427D11E508A0E00687C41 /* MASViewConstraint.m */; };
		CD8427E31E508A0E00687C41 /* NSArray+MASAdditions.m in Sources */ = {isa = PBXBuildFile; fileRef = CD8427D31E508A0E00687C41 /* NSArray+MASAdditions.m */; };
		CD8427E41E508A0E00687C41 /* NSLayoutConstraint+MASDebugAdditions.m in Sources */ = {isa = PBXBuildFile; fileRef = CD8427D61E508A0E00687C41 /* NSLayoutConstraint+MASDebugAdditions.m */; };
		CD8427E51E508A0E00687C41 /* View+MASAdditions.m in Sources */ = {isa = PBXBuildFile; fileRef = CD8427D81E508A0E00687C41 /* View+MASAdditions.m */; };
		CD8427E61E508A0E00687C41 /* ViewController+MASAdditions.m in Sources */ = {isa = PBXBuildFile; fileRef = CD8427DB1E508A0E00687C41 /* ViewController+MASAdditions.m */; };
/* End PBXBuildFile section */

/* Begin PBXFileReference section */
		CD8427A41E50893F00687C41 /* 手势解锁.app */ = {isa = PBXFileReference; explicitFileType = wrapper.application; includeInIndex = 0; path = "手势解锁.app"; sourceTree = BUILT_PRODUCTS_DIR; };
		CD8427A81E50894000687C41 /* main.m */ = {isa = PBXFileReference; lastKnownFileType = sourcecode.c.objc; path = main.m; sourceTree = "<group>"; };
		CD8427AA1E50894000687C41 /* AppDelegate.h */ = {isa = PBXFileReference; lastKnownFileType = sourcecode.c.h; path = AppDelegate.h; sourceTree = "<group>"; };
		CD8427AB1E50894000687C41 /* AppDelegate.m */ = {isa = PBXFileReference; lastKnownFileType = sourcecode.c.objc; path = AppDelegate.m; sourceTree = "<group>"; };
		CD8427AD1E50894000687C41 /* ViewController.h */ = {isa = PBXFileReference; lastKnownFileType = sourcecode.c.h; path = ViewController.h; sourceTree = "<group>"; };
		CD8427AE1E50894000687C41 /* ViewController.m */ = {isa = PBXFileReference; lastKnownFileType = sourcecode.c.objc; path = ViewController.m; sourceTree = "<group>"; };
		CD8427B11E50894000687C41 /* Base */ = {isa = PBXFileReference; lastKnownFileType = file.storyboard; name = Base; path = Base.lproj/Main.storyboard; sourceTree = "<group>"; };
		CD8427B31E50894000687C41 /* Assets.xcassets */ = {isa = PBXFileReference; lastKnownFileType = folder.assetcatalog; path = Assets.xcassets; sourceTree = "<group>"; };
		CD8427B61E50894000687C41 /* Base */ = {isa = PBXFileReference; lastKnownFileType = file.storyboard; name = Base; path = Base.lproj/LaunchScreen.storyboard; sourceTree = "<group>"; };
		CD8427B81E50894000687C41 /* Info.plist */ = {isa = PBXFileReference; lastKnownFileType = text.plist.xml; path = Info.plist; sourceTree = "<group>"; };
		CD8427BE1E5089C200687C41 /* LLLockView.h */ = {isa = PBXFileReference; fileEncoding = 4; lastKnownFileType = sourcecode.c.h; path = LLLockView.h; sourceTree = "<group>"; };
		CD8427BF1E5089C200687C41 /* LLLockView.m */ = {isa = PBXFileReference; fileEncoding = 4; lastKnownFileType = sourcecode.c.objc; path = LLLockView.m; sourceTree = "<group>"; };
		CD8427C21E508A0E00687C41 /* Info.plist */ = {isa = PBXFileReference; fileEncoding = 4; lastKnownFileType = text.plist.xml; path = Info.plist; sourceTree = "<group>"; };
		CD8427C31E508A0E00687C41 /* MASCompositeConstraint.h */ = {isa = PBXFileReference; fileEncoding = 4; lastKnownFileType = sourcecode.c.h; path = MASCompositeConstraint.h; sourceTree = "<group>"; };
		CD8427C41E508A0E00687C41 /* MASCompositeConstraint.m */ = {isa = PBXFileReference; fileEncoding = 4; lastKnownFileType = sourcecode.c.objc; path = MASCompositeConstraint.m; sourceTree = "<group>"; };
		CD8427C51E508A0E00687C41 /* MASConstraint+Private.h */ = {isa = PBXFileReference; fileEncoding = 4; lastKnownFileType = sourcecode.c.h; path = "MASConstraint+Private.h"; sourceTree = "<group>"; };
		CD8427C61E508A0E00687C41 /* MASConstraint.h */ = {isa = PBXFileReference; fileEncoding = 4; lastKnownFileType = sourcecode.c.h; path = MASConstraint.h; sourceTree = "<group>"; };
		CD8427C71E508A0E00687C41 /* MASConstraint.m */ = {isa = PBXFileReference; fileEncoding = 4; lastKnownFileType = sourcecode.c.objc; path = MASConstraint.m; sourceTree = "<group>"; };
		CD8427C81E508A0E00687C41 /* MASConstraintMaker.h */ = {isa = PBXFileReference; fileEncoding = 4; lastKnownFileType = sourcecode.c.h; path = MASConstraintMaker.h; sourceTree = "<group>"; };
		CD8427C91E508A0E00687C41 /* MASConstraintMaker.m */ = {isa = PBXFileReference; fileEncoding = 4; lastKnownFileType = sourcecode.c.objc; path = MASConstraintMaker.m; sourceTree = "<group>"; };
		CD8427CA1E508A0E00687C41 /* MASLayoutConstraint.h */ = {isa = PBXFileReference; fileEncoding = 4; lastKnownFileType = sourcecode.c.h; path = MASLayoutConstraint.h; sourceTree = "<group>"; };
		CD8427CB1E508A0E00687C41 /* MASLayoutConstraint.m */ = {isa = PBXFileReference; fileEncoding = 4; lastKnownFileType = sourcecode.c.objc; path = MASLayoutConstraint.m; sourceTree = "<group>"; };
		CD8427CC1E508A0E00687C41 /* Masonry.h */ = {isa = PBXFileReference; fileEncoding = 4; lastKnownFileType = sourcecode.c.h; path = Masonry.h; sourceTree = "<group>"; };
		CD8427CD1E508A0E00687C41 /* MASUtilities.h */ = {isa = PBXFileReference; fileEncoding = 4; lastKnownFileType = sourcecode.c.h; path = MASUtilities.h; sourceTree = "<group>"; };
		CD8427CE1E508A0E00687C41 /* MASViewAttribute.h */ = {isa = PBXFileReference; fileEncoding = 4; lastKnownFileType = sourcecode.c.h; path = MASViewAttribute.h; sourceTree = "<group>"; };
		CD8427CF1E508A0E00687C41 /* MASViewAttribute.m */ = {isa = PBXFileReference; fileEncoding = 4; lastKnownFileType = sourcecode.c.objc; path = MASViewAttribute.m; sourceTree = "<group>"; };
		CD8427D01E508A0E00687C41 /* MASViewConstraint.h */ = {isa = PBXFileReference; fileEncoding = 4; lastKnownFileType = sourcecode.c.h; path = MASViewConstraint.h; sourceTree = "<group>"; };
		CD8427D11E508A0E00687C41 /* MASViewConstraint.m */ = {isa = PBXFileReference; fileEncoding = 4; lastKnownFileType = sourcecode.c.objc; path = MASViewConstraint.m; sourceTree = "<group>"; };
		CD8427D21E508A0E00687C41 /* NSArray+MASAdditions.h */ = {isa = PBXFileReference; fileEncoding = 4; lastKnownFileType = sourcecode.c.h; path = "NSArray+MASAdditions.h"; sourceTree = "<group>"; };
		CD8427D31E508A0E00687C41 /* NSArray+MASAdditions.m */ = {isa = PBXFileReference; fileEncoding = 4; lastKnownFileType = sourcecode.c.objc; path = "NSArray+MASAdditions.m"; sourceTree = "<group>"; };
		CD8427D41E508A0E00687C41 /* NSArray+MASShorthandAdditions.h */ = {isa = PBXFileReference; fileEncoding = 4; lastKnownFileType = sourcecode.c.h; path = "NSArray+MASShorthandAdditions.h"; sourceTree = "<group>"; };
		CD8427D51E508A0E00687C41 /* NSLayoutConstraint+MASDebugAdditions.h */ = {isa = PBXFileReference; fileEncoding = 4; lastKnownFileType = sourcecode.c.h; path = "NSLayoutConstraint+MASDebugAdditions.h"; sourceTree = "<group>"; };
		CD8427D61E508A0E00687C41 /* NSLayoutConstraint+MASDebugAdditions.m */ = {isa = PBXFileReference; fileEncoding = 4; lastKnownFileType = sourcecode.c.objc; path = "NSLayoutConstraint+MASDebugAdditions.m"; sourceTree = "<group>"; };
		CD8427D71E508A0E00687C41 /* View+MASAdditions.h */ = {isa = PBXFileReference; fileEncoding = 4; lastKnownFileType = sourcecode.c.h; path = "View+MASAdditions.h"; sourceTree = "<group>"; };
		CD8427D81E508A0E00687C41 /* View+MASAdditions.m */ = {isa = PBXFileReference; fileEncoding = 4; lastKnownFileType = sourcecode.c.objc; path = "View+MASAdditions.m"; sourceTree = "<group>"; };
		CD8427D91E508A0E00687C41 /* View+MASShorthandAdditions.h */ = {isa = PBXFileReference; fileEncoding = 4; lastKnownFileType = sourcecode.c.h; path = "View+MASShorthandAdditions.h"; sourceTree = "<group>"; };
		CD8427DA1E508A0E00687C41 /* ViewController+MASAdditions.h */ = {isa = PBXFileReference; fileEncoding = 4; lastKnownFileType = sourcecode.c.h; path = "ViewController+MASAdditions.h"; sourceTree = "<group>"; };
		CD8427DB1E508A0E00687C41 /* ViewController+MASAdditions.m */ = {isa = PBXFileReference; fileEncoding = 4; lastKnownFileType = sourcecode.c.objc; path = "ViewController+MASAdditions.m"; sourceTree = "<group>"; };
/* End PBXFileReference section */

/* Begin PBXFrameworksBuildPhase section */
		CD8427A11E50893F00687C41 /* Frameworks */ = {
			isa = PBXFrameworksBuildPhase;
			buildActionMask = 2147483647;
			files = (
			);
			runOnlyForDeploymentPostprocessing = 0;
		};
/* End PBXFrameworksBuildPhase section */

/* Begin PBXGroup section */
		CD84279B1E50893F00687C41 = {
			isa = PBXGroup;
			children = (
				CD8427A61E50893F00687C41 /* 手势解锁 */,
				CD8427A51E50893F00687C41 /* Products */,
			);
			sourceTree = "<group>";
		};
		CD8427A51E50893F00687C41 /* Products */ = {
			isa = PBXGroup;
			children = (
				CD8427A41E50893F00687C41 /* 手势解锁.app */,
			);
			name = Products;
			sourceTree = "<group>";
		};
		CD8427A61E50893F00687C41 /* 手势解锁 */ = {
			isa = PBXGroup;
			children = (
				CD8427C11E508A0E00687C41 /* Masonry */,
				CD8427AA1E50894000687C41 /* AppDelegate.h */,
				CD8427AB1E50894000687C41 /* AppDelegate.m */,
				CD8427AD1E50894000687C41 /* ViewController.h */,
				CD8427AE1E50894000687C41 /* ViewController.m */,
				CD8427B01E50894000687C41 /* Main.storyboard */,
				CD8427B31E50894000687C41 /* Assets.xcassets */,
				CD8427B51E50894000687C41 /* LaunchScreen.storyboard */,
				CD8427B81E50894000687C41 /* Info.plist */,
				CD8427A71E50894000687C41 /* Supporting Files */,
				CD8427BE1E5089C200687C41 /* LLLockView.h */,
				CD8427BF1E5089C200687C41 /* LLLockView.m */,
			);
			path = "手势解锁";
			sourceTree = "<group>";
		};
		CD8427A71E50894000687C41 /* Supporting Files */ = {
			isa = PBXGroup;
			children = (
				CD8427A81E50894000687C41 /* main.m */,
			);
			name = "Supporting Files";
			sourceTree = "<group>";
		};
		CD8427C11E508A0E00687C41 /* Masonry */ = {
			isa = PBXGroup;
			children = (
				CD8427C21E508A0E00687C41 /* Info.plist */,
				CD8427C31E508A0E00687C41 /* MASCompositeConstraint.h */,
				CD8427C41E508A0E00687C41 /* MASCompositeConstraint.m */,
				CD8427C51E508A0E00687C41 /* MASConstraint+Private.h */,
				CD8427C61E508A0E00687C41 /* MASConstraint.h */,
				CD8427C71E508A0E00687C41 /* MASConstraint.m */,
				CD8427C81E508A0E00687C41 /* MASConstraintMaker.h */,
				CD8427C91E508A0E00687C41 /* MASConstraintMaker.m */,
				CD8427CA1E508A0E00687C41 /* MASLayoutConstraint.h */,
				CD8427CB1E508A0E00687C41 /* MASLayoutConstraint.m */,
				CD8427CC1E508A0E00687C41 /* Masonry.h */,
				CD8427CD1E508A0E00687C41 /* MASUtilities.h */,
				CD8427CE1E508A0E00687C41 /* MASViewAttribute.h */,
				CD8427CF1E508A0E00687C41 /* MASViewAttribute.m */,
				CD8427D01E508A0E00687C41 /* MASViewConstraint.h */,
				CD8427D11E508A0E00687C41 /* MASViewConstraint.m */,
				CD8427D21E508A0E00687C41 /* NSArray+MASAdditions.h */,
				CD8427D31E508A0E00687C41 /* NSArray+MASAdditions.m */,
				CD8427D41E508A0E00687C41 /* NSArray+MASShorthandAdditions.h */,
				CD8427D51E508A0E00687C41 /* NSLayoutConstraint+MASDebugAdditions.h */,
				CD8427D61E508A0E00687C41 /* NSLayoutConstraint+MASDebugAdditions.m */,
				CD8427D71E508A0E00687C41 /* View+MASAdditions.h */,
				CD8427D81E508A0E00687C41 /* View+MASAdditions.m */,
				CD8427D91E508A0E00687C41 /* View+MASShorthandAdditions.h */,
				CD8427DA1E508A0E00687C41 /* ViewController+MASAdditions.h */,
				CD8427DB1E508A0E00687C41 /* ViewController+MASAdditions.m */,
			);
			path = Masonry;
			sourceTree = "<group>";
		};
/* End PBXGroup section */

/* Begin PBXNativeTarget section */
		CD8427A31E50893F00687C41 /* 手势解锁 */ = {
			isa = PBXNativeTarget;
			buildConfigurationList = CD8427BB1E50894000687C41 /* Build configuration list for PBXNativeTarget "手势解锁" */;
			buildPhases = (
				CD8427A01E50893F00687C41 /* Sources */,
				CD8427A11E50893F00687C41 /* Frameworks */,
				CD8427A21E50893F00687C41 /* Resources */,
			);
			buildRules = (
			);
			dependencies = (
			);
			name = "手势解锁";
			productName = "手势解锁";
			productReference = CD8427A41E50893F00687C41 /* 手势解锁.app */;
			productType = "com.apple.product-type.application";
		};
/* End PBXNativeTarget section */

/* Begin PBXProject section */
		CD84279C1E50893F00687C41 /* Project object */ = {
			isa = PBXProject;
			attributes = {
				LastUpgradeCheck = 0820;
				ORGANIZATIONNAME = LockLight;
				TargetAttributes = {
					CD8427A31E50893F00687C41 = {
						CreatedOnToolsVersion = 8.2.1;
						DevelopmentTeam = BV8SCCJTGN;
						ProvisioningStyle = Automatic;
					};
				};
			};
			buildConfigurationList = CD84279F1E50893F00687C41 /* Build configuration list for PBXProject "手势解锁" */;
			compatibilityVersion = "Xcode 3.2";
			developmentRegion = English;
			hasScannedForEncodings = 0;
			knownRegions = (
				en,
				Base,
			);
			mainGroup = CD84279B1E50893F00687C41;
			productRefGroup = CD8427A51E50893F00687C41 /* Products */;
			projectDirPath = "";
			projectRoot = "";
			targets = (
				CD8427A31E50893F00687C41 /* 手势解锁 */,
			);
		};
/* End PBXProject section */

/* Begin PBXResourcesBuildPhase section */
		CD8427A21E50893F00687C41 /* Resources */ = {
			isa = PBXResourcesBuildPhase;
			buildActionMask = 2147483647;
			files = (
				CD8427DC1E508A0E00687C41 /* Info.plist in Resources */,
				CD8427B71E50894000687C41 /* LaunchScreen.storyboard in Resources */,
				CD8427B41E50894000687C41 /* Assets.xcassets in Resources */,
				CD8427B21E50894000687C41 /* Main.storyboard in Resources */,
			);
			runOnlyForDeploymentPostprocessing = 0;
		};
/* End PBXResourcesBuildPhase section */

/* Begin PBXSourcesBuildPhase section */
		CD8427A01E50893F00687C41 /* Sources */ = {
			isa = PBXSourcesBuildPhase;
			buildActionMask = 2147483647;
			files = (
				CD8427DF1E508A0E00687C41 /* MASConstraintMaker.m in Sources */,
				CD8427AF1E50894000687C41 /* ViewController.m in Sources */,
				CD8427AC1E50894000687C41 /* AppDelegate.m in Sources */,
				CD8427DE1E508A0E00687C41 /* MASConstraint.m in Sources */,
				CD8427E61E508A0E00687C41 /* ViewController+MASAdditions.m in Sources */,
				CD8427E01E508A0E00687C41 /* MASLayoutConstraint.m in Sources */,
				CD8427E31E508A0E00687C41 /* NSArray+MASAdditions.m in Sources */,
				CD8427E21E508A0E00687C41 /* MASViewConstraint.m in Sources */,
				CD8427E11E508A0E00687C41 /* MASViewAttribute.m in Sources */,
				CD8427E51E508A0E00687C41 /* View+MASAdditions.m in Sources */,
				CD8427A91E50894000687C41 /* main.m in Sources */,
				CD8427C01E5089C200687C41 /* LLLockView.m in Sources */,
				CD8427DD1E508A0E00687C41 /* MASCompositeConstraint.m in Sources */,
				CD8427E41E508A0E00687C41 /* NSLayoutConstraint+MASDebugAdditions.m in Sources */,
			);
			runOnlyForDeploymentPostprocessing = 0;
		};
/* End PBXSourcesBuildPhase section */

/* Begin PBXVariantGroup section */
		CD8427B01E50894000687C41 /* Main.storyboard */ = {
			isa = PBXVariantGroup;
			children = (
				CD8427B11E50894000687C41 /* Base */,
			);
			name = Main.storyboard;
			sourceTree = "<group>";
		};
		CD8427B51E50894000687C41 /* LaunchScreen.storyboard */ = {
			isa = PBXVariantGroup;
			children = (
				CD8427B61E50894000687C41 /* Base */,
			);
			name = LaunchScreen.storyboard;
			sourceTree = "<group>";
		};
/* End PBXVariantGroup section */

/* Begin XCBuildConfiguration section */
		CD8427B91E50894000687C41 /* Debug */ = {
			isa = XCBuildConfiguration;
			buildSettings = {
				ALWAYS_SEARCH_USER_PATHS = NO;
				CLANG_ANALYZER_NONNULL = YES;
				CLANG_CXX_LANGUAGE_STANDARD = "gnu++0x";
				CLANG_CXX_LIBRARY = "libc++";
				CLANG_ENABLE_MODULES = YES;
				CLANG_ENABLE_OBJC_ARC = YES;
				CLANG_WARN_BOOL_CONVERSION = YES;
				CLANG_WARN_CONSTANT_CONVERSION = YES;
				CLANG_WARN_DIRECT_OBJC_ISA_USAGE = YES_ERROR;
				CLANG_WARN_DOCUMENTATION_COMMENTS = YES;
				CLANG_WARN_EMPTY_BODY = YES;
				CLANG_WARN_ENUM_CONVERSION = YES;
				CLANG_WARN_INFINITE_RECURSION = YES;
				CLANG_WARN_INT_CONVERSION = YES;
				CLANG_WARN_OBJC_ROOT_CLASS = YES_ERROR;
				CLANG_WARN_SUSPICIOUS_MOVE = YES;
				CLANG_WARN_UNREACHABLE_CODE = YES;
				CLANG_WARN__DUPLICATE_METHOD_MATCH = YES;
				"CODE_SIGN_IDENTITY[sdk=iphoneos*]" = "iPhone Developer";
				COPY_PHASE_STRIP = NO;
				DEBUG_INFORMATION_FORMAT = dwarf;
				ENABLE_STRICT_OBJC_MSGSEND = YES;
				ENABLE_TESTABILITY = YES;
				GCC_C_LANGUAGE_STANDARD = gnu99;
				GCC_DYNAMIC_NO_PIC = NO;
				GCC_NO_COMMON_BLOCKS = YES;
				GCC_OPTIMIZATION_LEVEL = 0;
				GCC_PREPROCESSOR_DEFINITIONS = (
					"DEBUG=1",
					"$(inherited)",
				);
				GCC_WARN_64_TO_32_BIT_CONVERSION = YES;
				GCC_WARN_ABOUT_RETURN_TYPE = YES_ERROR;
				GCC_WARN_UNDECLARED_SELECTOR = YES;
				GCC_WARN_UNINITIALIZED_AUTOS = YES_AGGRESSIVE;
				GCC_WARN_UNUSED_FUNCTION = YES;
				GCC_WARN_UNUSED_VARIABLE = YES;
				IPHONEOS_DEPLOYMENT_TARGET = 10.2;
				MTL_ENABLE_DEBUG_INFO = YES;
				ONLY_ACTIVE_ARCH = YES;
				SDKROOT = iphoneos;
			};
			name = Debug;
		};
		CD8427BA1E50894000687C41 /* Release */ = {
			isa = XCBuildConfiguration;
			buildSettings = {
				ALWAYS_SEARCH_USER_PATHS = NO;
				CLANG_ANALYZER_NONNULL = YES;
				CLANG_CXX_LANGUAGE_STANDARD = "gnu++0x";
				CLANG_CXX_LIBRARY = "libc++";
				CLANG_ENABLE_MODULES = YES;
				CLANG_ENABLE_OBJC_ARC = YES;
				CLANG_WARN_BOOL_CONVERSION = YES;
				CLANG_WARN_CONSTANT_CONVERSION = YES;
				CLANG_WARN_DIRECT_OBJC_ISA_USAGE = YES_ERROR;
				CLANG_WARN_DOCUMENTATION_COMMENTS = YES;
				CLANG_WARN_EMPTY_BODY = YES;
				CLANG_WARN_ENUM_CONVERSION = YES;
				CLANG_WARN_INFINITE_RECURSION = YES;
				CLANG_WARN_INT_CONVERSION = YES;
				CLANG_WARN_OBJC_ROOT_CLASS = YES_ERROR;
				CLANG_WARN_SUSPICIOUS_MOVE = YES;
				CLANG_WARN_UNREACHABLE_CODE = YES;
				CLANG_WARN__DUPLICATE_METHOD_MATCH = YES;
				"CODE_SIGN_IDENTITY[sdk=iphoneos*]" = "iPhone Developer";
				COPY_PHASE_STRIP = NO;
				DEBUG_INFORMATION_FORMAT = "dwarf-with-dsym";
				ENABLE_NS_ASSERTIONS = NO;
				ENABLE_STRICT_OBJC_MSGSEND = YES;
				GCC_C_LANGUAGE_STANDARD = gnu99;
				GCC_NO_COMMON_BLOCKS = YES;
				GCC_WARN_64_TO_32_BIT_CONVERSION = YES;
				GCC_WARN_ABOUT_RETURN_TYPE = YES_ERROR;
				GCC_WARN_UNDECLARED_SELECTOR = YES;
				GCC_WARN_UNINITIALIZED_AUTOS = YES_AGGRESSIVE;
				GCC_WARN_UNUSED_FUNCTION = YES;
				GCC_WARN_UNUSED_VARIABLE = YES;
				IPHONEOS_DEPLOYMENT_TARGET = 10.2;
				MTL_ENABLE_DEBUG_INFO = NO;
				SDKROOT = iphoneos;
				VALIDATE_PRODUCT = YES;
			};
			name = Release;
		};
		CD8427BC1E50894000687C41 /* Debug */ = {
			isa = XCBuildConfiguration;
			buildSettings = {
				ASSETCATALOG_COMPILER_APPICON_NAME = AppIcon;
				DEVELOPMENT_TEAM = BV8SCCJTGN;
				INFOPLIST_FILE = "手势解锁/Info.plist";
				LD_RUNPATH_SEARCH_PATHS = "$(inherited) @executable_path/Frameworks";
				PRODUCT_BUNDLE_IDENTIFIER = "com.LockLightz-gmail.com.----";
				PRODUCT_NAME = "$(TARGET_NAME)";
			};
			name = Debug;
		};
		CD8427BD1E50894000687C41 /* Release */ = {
			isa = XCBuildConfiguration;
			buildSettings = {
				ASSETCATALOG_COMPILER_APPICON_NAME = AppIcon;
				DEVELOPMENT_TEAM = BV8SCCJTGN;
				INFOPLIST_FILE = "手势解锁/Info.plist";
				LD_RUNPATH_SEARCH_PATHS = "$(inherited) @executable_path/Frameworks";
				PRODUCT_BUNDLE_IDENTIFIER = "com.LockLightz-gmail.com.----";
				PRODUCT_NAME = "$(TARGET_NAME)";
			};
			name = Release;
		};
/* End XCBuildConfiguration section */

/* Begin XCConfigurationList section */
		CD84279F1E50893F00687C41 /* Build configuration list for PBXProject "手势解锁" */ = {
			isa = XCConfigurationList;
			buildConfigurations = (
				CD8427B91E50894000687C41 /* Debug */,
				CD8427BA1E50894000687C41 /* Release */,
			);
			defaultConfigurationIsVisible = 0;
			defaultConfigurationName = Release;
		};
		CD8427BB1E50894000687C41 /* Build configuration list for PBXNativeTarget "手势解锁" */ = {
			isa = XCConfigurationList;
			buildConfigurations = (
				CD8427BC1E50894000687C41 /* Debug */,
				CD8427BD1E50894000687C41 /* Release */,
			);
			defaultConfigurationIsVisible = 0;
		};
/* End XCConfigurationList section */
	};
	rootObject = CD84279C1E50893F00687C41 /* Project object */;
}
